// !$*UTF8*$!
{
	archiveVersion = 1;
	classes = {
	};
	objectVersion = 50;
	objects = {

/* Begin PBXBuildFile section */
		013087F3257E5C5100E8A952 /* MovieInfo.swift in Sources */ = {isa = PBXBuildFile; fileRef = 013087F2257E5C5100E8A952 /* MovieInfo.swift */; };
		015967082578445900E48423 /* AppDelegate.swift in Sources */ = {isa = PBXBuildFile; fileRef = 015967072578445900E48423 /* AppDelegate.swift */; };
		0159670A2578445900E48423 /* SceneDelegate.swift in Sources */ = {isa = PBXBuildFile; fileRef = 015967092578445900E48423 /* SceneDelegate.swift */; };
		0159670C2578445900E48423 /* ViewController.swift in Sources */ = {isa = PBXBuildFile; fileRef = 0159670B2578445900E48423 /* ViewController.swift */; };
		0159670F2578445900E48423 /* Main.storyboard in Resources */ = {isa = PBXBuildFile; fileRef = 0159670D2578445900E48423 /* Main.storyboard */; };
		015967112578446400E48423 /* Assets.xcassets in Resources */ = {isa = PBXBuildFile; fileRef = 015967102578446400E48423 /* Assets.xcassets */; };
		015967142578446400E48423 /* LaunchScreen.storyboard in Resources */ = {isa = PBXBuildFile; fileRef = 015967122578446400E48423 /* LaunchScreen.storyboard */; };
		018D983525894419005776EF /* MovieInfoView.swift in Sources */ = {isa = PBXBuildFile; fileRef = 018D983425894419005776EF /* MovieInfoView.swift */; };
		018D98382589442F005776EF /* MovieAddView.swift in Sources */ = {isa = PBXBuildFile; fileRef = 018D98372589442F005776EF /* MovieAddView.swift */; };
		018D983B25894468005776EF /* MovieEntitiesController.swift in Sources */ = {isa = PBXBuildFile; fileRef = 018D983A25894468005776EF /* MovieEntitiesController.swift */; };
		018D984025898811005776EF /* Settings.swift in Sources */ = {isa = PBXBuildFile; fileRef = 018D983F25898811005776EF /* Settings.swift */; };
		018D9844258995AF005776EF /* EmptyCell.swift in Sources */ = {isa = PBXBuildFile; fileRef = 018D9843258995AF005776EF /* EmptyCell.swift */; };
		01A4199425818AF300869B94 /* MovieCell.swift in Sources */ = {isa = PBXBuildFile; fileRef = 01A4199325818AF300869B94 /* MovieCell.swift */; };
		01A419A125818F5400869B94 /* tt0080684.txt in Resources */ = {isa = PBXBuildFile; fileRef = 01A4199725818F5300869B94 /* tt0080684.txt */; };
		01A419A225818F5400869B94 /* tt2527336.txt in Resources */ = {isa = PBXBuildFile; fileRef = 01A4199825818F5300869B94 /* tt2527336.txt */; };
		01A419A325818F5400869B94 /* tt3748528.txt in Resources */ = {isa = PBXBuildFile; fileRef = 01A4199925818F5300869B94 /* tt3748528.txt */; };
		01A419A425818F5400869B94 /* tt0796366.txt in Resources */ = {isa = PBXBuildFile; fileRef = 01A4199A25818F5300869B94 /* tt0796366.txt */; };
		01A419A525818F5400869B94 /* tt0120915.txt in Resources */ = {isa = PBXBuildFile; fileRef = 01A4199B25818F5300869B94 /* tt0120915.txt */; };
		01A419A625818F5400869B94 /* tt0086190.txt in Resources */ = {isa = PBXBuildFile; fileRef = 01A4199C25818F5300869B94 /* tt0086190.txt */; };
		01A419A725818F5400869B94 /* tt0076759.txt in Resources */ = {isa = PBXBuildFile; fileRef = 01A4199D25818F5300869B94 /* tt0076759.txt */; };
		01A419A825818F5400869B94 /* tt0121766.txt in Resources */ = {isa = PBXBuildFile; fileRef = 01A4199E25818F5300869B94 /* tt0121766.txt */; };
		01A419A925818F5400869B94 /* tt2488496.txt in Resources */ = {isa = PBXBuildFile; fileRef = 01A4199F25818F5400869B94 /* tt2488496.txt */; };
		01A419AA25818F5400869B94 /* tt0121765.txt in Resources */ = {isa = PBXBuildFile; fileRef = 01A419A025818F5400869B94 /* tt0121765.txt */; };
		01A419CB2581955A00869B94 /* Poster_02.jpg in Resources */ = {isa = PBXBuildFile; fileRef = 01A419C32581955900869B94 /* Poster_02.jpg */; };
		01A419CC2581955A00869B94 /* Poster_08.jpg in Resources */ = {isa = PBXBuildFile; fileRef = 01A419C42581955900869B94 /* Poster_08.jpg */; };
		01A419CD2581955A00869B94 /* Poster_05.jpg in Resources */ = {isa = PBXBuildFile; fileRef = 01A419C52581955900869B94 /* Poster_05.jpg */; };
		01A419CE2581955A00869B94 /* Poster_03.jpg in Resources */ = {isa = PBXBuildFile; fileRef = 01A419C62581955900869B94 /* Poster_03.jpg */; };
		01A419CF2581955A00869B94 /* Poster_01.jpg in Resources */ = {isa = PBXBuildFile; fileRef = 01A419C72581955900869B94 /* Poster_01.jpg */; };
		01A419D02581955A00869B94 /* Poster_07.jpg in Resources */ = {isa = PBXBuildFile; fileRef = 01A419C82581955900869B94 /* Poster_07.jpg */; };
		01A419D12581955A00869B94 /* Poster_06.jpg in Resources */ = {isa = PBXBuildFile; fileRef = 01A419C92581955900869B94 /* Poster_06.jpg */; };
		01A419D22581955A00869B94 /* Poster_10.jpg in Resources */ = {isa = PBXBuildFile; fileRef = 01A419CA2581955A00869B94 /* Poster_10.jpg */; };
		01D240C9257EAB3C00E7C853 /* MoviesList.txt in Resources */ = {isa = PBXBuildFile; fileRef = 01D240C8257EAB3C00E7C853 /* MoviesList.txt */; };
/* End PBXBuildFile section */

/* Begin PBXFileReference section */
		013087F2257E5C5100E8A952 /* MovieInfo.swift */ = {isa = PBXFileReference; lastKnownFileType = sourcecode.swift; path = MovieInfo.swift; sourceTree = "<group>"; };
		015967042578445900E48423 /* WhatTheFoxSay.app */ = {isa = PBXFileReference; explicitFileType = wrapper.application; includeInIndex = 0; path = WhatTheFoxSay.app; sourceTree = BUILT_PRODUCTS_DIR; };
		015967072578445900E48423 /* AppDelegate.swift */ = {isa = PBXFileReference; lastKnownFileType = sourcecode.swift; path = AppDelegate.swift; sourceTree = "<group>"; };
		015967092578445900E48423 /* SceneDelegate.swift */ = {isa = PBXFileReference; lastKnownFileType = sourcecode.swift; path = SceneDelegate.swift; sourceTree = "<group>"; };
		0159670B2578445900E48423 /* ViewController.swift */ = {isa = PBXFileReference; lastKnownFileType = sourcecode.swift; path = ViewController.swift; sourceTree = "<group>"; };
		0159670E2578445900E48423 /* Base */ = {isa = PBXFileReference; lastKnownFileType = file.storyboard; name = Base; path = Base.lproj/Main.storyboard; sourceTree = "<group>"; };
		015967102578446400E48423 /* Assets.xcassets */ = {isa = PBXFileReference; lastKnownFileType = folder.assetcatalog; path = Assets.xcassets; sourceTree = "<group>"; };
		015967132578446400E48423 /* Base */ = {isa = PBXFileReference; lastKnownFileType = file.storyboard; name = Base; path = Base.lproj/LaunchScreen.storyboard; sourceTree = "<group>"; };
		015967152578446400E48423 /* Info.plist */ = {isa = PBXFileReference; lastKnownFileType = text.plist.xml; path = Info.plist; sourceTree = "<group>"; };
		018D983425894419005776EF /* MovieInfoView.swift */ = {isa = PBXFileReference; lastKnownFileType = sourcecode.swift; path = MovieInfoView.swift; sourceTree = "<group>"; };
		018D98372589442F005776EF /* MovieAddView.swift */ = {isa = PBXFileReference; lastKnownFileType = sourcecode.swift; path = MovieAddView.swift; sourceTree = "<group>"; };
		018D983A25894468005776EF /* MovieEntitiesController.swift */ = {isa = PBXFileReference; lastKnownFileType = sourcecode.swift; path = MovieEntitiesController.swift; sourceTree = "<group>"; };
		018D983F25898811005776EF /* Settings.swift */ = {isa = PBXFileReference; lastKnownFileType = sourcecode.swift; path = Settings.swift; sourceTree = "<group>"; };
		018D9843258995AF005776EF /* EmptyCell.swift */ = {isa = PBXFileReference; lastKnownFileType = sourcecode.swift; path = EmptyCell.swift; sourceTree = "<group>"; };
		01A4199325818AF300869B94 /* MovieCell.swift */ = {isa = PBXFileReference; lastKnownFileType = sourcecode.swift; path = MovieCell.swift; sourceTree = "<group>"; };
		01A4199725818F5300869B94 /* tt0080684.txt */ = {isa = PBXFileReference; fileEncoding = 4; lastKnownFileType = text; path = tt0080684.txt; sourceTree = "<group>"; };
		01A4199825818F5300869B94 /* tt2527336.txt */ = {isa = PBXFileReference; fileEncoding = 4; lastKnownFileType = text; path = tt2527336.txt; sourceTree = "<group>"; };
		01A4199925818F5300869B94 /* tt3748528.txt */ = {isa = PBXFileReference; fileEncoding = 4; lastKnownFileType = text; path = tt3748528.txt; sourceTree = "<group>"; };
		01A4199A25818F5300869B94 /* tt0796366.txt */ = {isa = PBXFileReference; fileEncoding = 4; lastKnownFileType = text; path = tt0796366.txt; sourceTree = "<group>"; };
		01A4199B25818F5300869B94 /* tt0120915.txt */ = {isa = PBXFileReference; fileEncoding = 4; lastKnownFileType = text; path = tt0120915.txt; sourceTree = "<group>"; };
		01A4199C25818F5300869B94 /* tt0086190.txt */ = {isa = PBXFileReference; fileEncoding = 4; lastKnownFileType = text; path = tt0086190.txt; sourceTree = "<group>"; };
		01A4199D25818F5300869B94 /* tt0076759.txt */ = {isa = PBXFileReference; fileEncoding = 4; lastKnownFileType = text; path = tt0076759.txt; sourceTree = "<group>"; };
		01A4199E25818F5300869B94 /* tt0121766.txt */ = {isa = PBXFileReference; fileEncoding = 4; lastKnownFileType = text; path = tt0121766.txt; sourceTree = "<group>"; };
		01A4199F25818F5400869B94 /* tt2488496.txt */ = {isa = PBXFileReference; fileEncoding = 4; lastKnownFileType = text; path = tt2488496.txt; sourceTree = "<group>"; };
		01A419A025818F5400869B94 /* tt0121765.txt */ = {isa = PBXFileReference; fileEncoding = 4; lastKnownFileType = text; path = tt0121765.txt; sourceTree = "<group>"; };
		01A419C32581955900869B94 /* Poster_02.jpg */ = {isa = PBXFileReference; lastKnownFileType = image.jpeg; path = Poster_02.jpg; sourceTree = "<group>"; };
		01A419C42581955900869B94 /* Poster_08.jpg */ = {isa = PBXFileReference; lastKnownFileType = image.jpeg; path = Poster_08.jpg; sourceTree = "<group>"; };
		01A419C52581955900869B94 /* Poster_05.jpg */ = {isa = PBXFileReference; lastKnownFileType = image.jpeg; path = Poster_05.jpg; sourceTree = "<group>"; };
		01A419C62581955900869B94 /* Poster_03.jpg */ = {isa = PBXFileReference; lastKnownFileType = image.jpeg; path = Poster_03.jpg; sourceTree = "<group>"; };
		01A419C72581955900869B94 /* Poster_01.jpg */ = {isa = PBXFileReference; lastKnownFileType = image.jpeg; path = Poster_01.jpg; sourceTree = "<group>"; };
		01A419C82581955900869B94 /* Poster_07.jpg */ = {isa = PBXFileReference; lastKnownFileType = image.jpeg; path = Poster_07.jpg; sourceTree = "<group>"; };
		01A419C92581955900869B94 /* Poster_06.jpg */ = {isa = PBXFileReference; lastKnownFileType = image.jpeg; path = Poster_06.jpg; sourceTree = "<group>"; };
		01A419CA2581955A00869B94 /* Poster_10.jpg */ = {isa = PBXFileReference; lastKnownFileType = image.jpeg; path = Poster_10.jpg; sourceTree = "<group>"; };
		01D240C8257EAB3C00E7C853 /* MoviesList.txt */ = {isa = PBXFileReference; fileEncoding = 4; lastKnownFileType = text; name = MoviesList.txt; path = WhatTheFoxSay/Data/MoviesList.txt; sourceTree = SOURCE_ROOT; };
/* End PBXFileReference section */

/* Begin PBXFrameworksBuildPhase section */
		015967012578445900E48423 /* Frameworks */ = {
			isa = PBXFrameworksBuildPhase;
			buildActionMask = 2147483647;
			files = (
			);
			runOnlyForDeploymentPostprocessing = 0;
		};
/* End PBXFrameworksBuildPhase section */

/* Begin PBXGroup section */
		015966FB2578445900E48423 = {
			isa = PBXGroup;
			children = (
				015967062578445900E48423 /* WhatTheFoxSay */,
				015967052578445900E48423 /* Products */,
			);
			sourceTree = "<group>";
		};
		015967052578445900E48423 /* Products */ = {
			isa = PBXGroup;
			children = (
				015967042578445900E48423 /* WhatTheFoxSay.app */,
			);
			name = Products;
			sourceTree = "<group>";
		};
		015967062578445900E48423 /* WhatTheFoxSay */ = {
			isa = PBXGroup;
			children = (
				01A419D4258195FD00869B94 /* Controllers */,
				01A4199225818A9B00869B94 /* Data */,
				01A4199025818A3E00869B94 /* Works Classes */,
				015967072578445900E48423 /* AppDelegate.swift */,
				015967092578445900E48423 /* SceneDelegate.swift */,
				0159670D2578445900E48423 /* Main.storyboard */,
				015967122578446400E48423 /* LaunchScreen.storyboard */,
				015967102578446400E48423 /* Assets.xcassets */,
				015967152578446400E48423 /* Info.plist */,
			);
			path = WhatTheFoxSay;
			sourceTree = "<group>";
		};
		01A4197125816DEC00869B94 /* FilmsExtensions */ = {
			isa = PBXGroup;
			children = (
				01A4199D25818F5300869B94 /* tt0076759.txt */,
				01A4199725818F5300869B94 /* tt0080684.txt */,
				01A4199C25818F5300869B94 /* tt0086190.txt */,
				01A4199B25818F5300869B94 /* tt0120915.txt */,
				01A419A025818F5400869B94 /* tt0121765.txt */,
				01A4199E25818F5300869B94 /* tt0121766.txt */,
				01A4199A25818F5300869B94 /* tt0796366.txt */,
				01A4199F25818F5400869B94 /* tt2488496.txt */,
				01A4199825818F5300869B94 /* tt2527336.txt */,
				01A4199925818F5300869B94 /* tt3748528.txt */,
			);
			path = FilmsExtensions;
			sourceTree = "<group>";
		};
		01A4199025818A3E00869B94 /* Works Classes */ = {
			isa = PBXGroup;
			children = (
				018D983F25898811005776EF /* Settings.swift */,
				013087F2257E5C5100E8A952 /* MovieInfo.swift */,
				01A4199325818AF300869B94 /* MovieCell.swift */,
				018D9843258995AF005776EF /* EmptyCell.swift */,
			);
			path = "Works Classes";
			sourceTree = "<group>";
		};
		01A4199225818A9B00869B94 /* Data */ = {
			isa = PBXGroup;
			children = (
				01A419B0258194C500869B94 /* Posters */,
				01A4197125816DEC00869B94 /* FilmsExtensions */,
				01D240C8257EAB3C00E7C853 /* MoviesList.txt */,
			);
			path = Data;
			sourceTree = "<group>";
		};
		01A419B0258194C500869B94 /* Posters */ = {
			isa = PBXGroup;
			children = (
				01A419C72581955900869B94 /* Poster_01.jpg */,
				01A419C32581955900869B94 /* Poster_02.jpg */,
				01A419C62581955900869B94 /* Poster_03.jpg */,
				01A419C52581955900869B94 /* Poster_05.jpg */,
				01A419C92581955900869B94 /* Poster_06.jpg */,
				01A419C82581955900869B94 /* Poster_07.jpg */,
				01A419C42581955900869B94 /* Poster_08.jpg */,
				01A419CA2581955A00869B94 /* Poster_10.jpg */,
			);
			path = Posters;
			sourceTree = "<group>";
		};
		01A419D4258195FD00869B94 /* Controllers */ = {
			isa = PBXGroup;
			children = (
				0159670B2578445900E48423 /* ViewController.swift */,
				018D983425894419005776EF /* MovieInfoView.swift */,
				018D98372589442F005776EF /* MovieAddView.swift */,
				018D983A25894468005776EF /* MovieEntitiesController.swift */,
			);
			path = Controllers;
			sourceTree = "<group>";
		};
/* End PBXGroup section */

/* Begin PBXNativeTarget section */
		015967032578445900E48423 /* WhatTheFoxSay */ = {
			isa = PBXNativeTarget;
			buildConfigurationList = 015967182578446400E48423 /* Build configuration list for PBXNativeTarget "WhatTheFoxSay" */;
			buildPhases = (
				015967002578445900E48423 /* Sources */,
				015967012578445900E48423 /* Frameworks */,
				015967022578445900E48423 /* Resources */,
			);
			buildRules = (
			);
			dependencies = (
			);
			name = WhatTheFoxSay;
			productName = WhatTheFoxSay;
			productReference = 015967042578445900E48423 /* WhatTheFoxSay.app */;
			productType = "com.apple.product-type.application";
		};
/* End PBXNativeTarget section */

/* Begin PBXProject section */
		015966FC2578445900E48423 /* Project object */ = {
			isa = PBXProject;
			attributes = {
				LastSwiftUpdateCheck = 1220;
				LastUpgradeCheck = 1220;
				TargetAttributes = {
					015967032578445900E48423 = {
						CreatedOnToolsVersion = 12.2;
					};
				};
			};
			buildConfigurationList = 015966FF2578445900E48423 /* Build configuration list for PBXProject "WhatTheFoxSay" */;
			compatibilityVersion = "Xcode 9.3";
			developmentRegion = en;
			hasScannedForEncodings = 0;
			knownRegions = (
				en,
				Base,
			);
			mainGroup = 015966FB2578445900E48423;
			productRefGroup = 015967052578445900E48423 /* Products */;
			projectDirPath = "";
			projectRoot = "";
			targets = (
				015967032578445900E48423 /* WhatTheFoxSay */,
			);
		};
/* End PBXProject section */

/* Begin PBXResourcesBuildPhase section */
		015967022578445900E48423 /* Resources */ = {
			isa = PBXResourcesBuildPhase;
			buildActionMask = 2147483647;
			files = (
				01A419CC2581955A00869B94 /* Poster_08.jpg in Resources */,
				01A419CE2581955A00869B94 /* Poster_03.jpg in Resources */,
				01A419A325818F5400869B94 /* tt3748528.txt in Resources */,
				01A419CF2581955A00869B94 /* Poster_01.jpg in Resources */,
				01A419CB2581955A00869B94 /* Poster_02.jpg in Resources */,
				01A419A625818F5400869B94 /* tt0086190.txt in Resources */,
				01A419A925818F5400869B94 /* tt2488496.txt in Resources */,
				01A419A425818F5400869B94 /* tt0796366.txt in Resources */,
				01A419CD2581955A00869B94 /* Poster_05.jpg in Resources */,
				01A419A825818F5400869B94 /* tt0121766.txt in Resources */,
				01A419AA25818F5400869B94 /* tt0121765.txt in Resources */,
				01A419D02581955A00869B94 /* Poster_07.jpg in Resources */,
				01A419A225818F5400869B94 /* tt2527336.txt in Resources */,
				01A419D12581955A00869B94 /* Poster_06.jpg in Resources */,
				015967112578446400E48423 /* Assets.xcassets in Resources */,
				01A419A525818F5400869B94 /* tt0120915.txt in Resources */,
				015967142578446400E48423 /* LaunchScreen.storyboard in Resources */,
				0159670F2578445900E48423 /* Main.storyboard in Resources */,
				01A419A725818F5400869B94 /* tt0076759.txt in Resources */,
				01D240C9257EAB3C00E7C853 /* MoviesList.txt in Resources */,
				01A419A125818F5400869B94 /* tt0080684.txt in Resources */,
				01A419D22581955A00869B94 /* Poster_10.jpg in Resources */,
			);
			runOnlyForDeploymentPostprocessing = 0;
		};
/* End PBXResourcesBuildPhase section */

/* Begin PBXSourcesBuildPhase section */
		015967002578445900E48423 /* Sources */ = {
			isa = PBXSourcesBuildPhase;
			buildActionMask = 2147483647;
			files = (
				018D983525894419005776EF /* MovieInfoView.swift in Sources */,
				018D983B25894468005776EF /* MovieEntitiesController.swift in Sources */,
				0159670C2578445900E48423 /* ViewController.swift in Sources */,
				013087F3257E5C5100E8A952 /* MovieInfo.swift in Sources */,
				015967082578445900E48423 /* AppDelegate.swift in Sources */,
				01A4199425818AF300869B94 /* MovieCell.swift in Sources */,
				018D984025898811005776EF /* Settings.swift in Sources */,
				018D98382589442F005776EF /* MovieAddView.swift in Sources */,
				0159670A2578445900E48423 /* SceneDelegate.swift in Sources */,
				018D9844258995AF005776EF /* EmptyCell.swift in Sources */,
			);
			runOnlyForDeploymentPostprocessing = 0;
		};
/* End PBXSourcesBuildPhase section */

/* Begin PBXVariantGroup section */
		0159670D2578445900E48423 /* Main.storyboard */ = {
			isa = PBXVariantGroup;
			children = (
				0159670E2578445900E48423 /* Base */,
			);
			name = Main.storyboard;
			sourceTree = "<group>";
		};
		015967122578446400E48423 /* LaunchScreen.storyboard */ = {
			isa = PBXVariantGroup;
			children = (
				015967132578446400E48423 /* Base */,
			);
			name = LaunchScreen.storyboard;
			sourceTree = "<group>";
		};
/* End PBXVariantGroup section */

/* Begin XCBuildConfiguration section */
		015967162578446400E48423 /* Debug */ = {
			isa = XCBuildConfiguration;
			buildSettings = {
				ALWAYS_SEARCH_USER_PATHS = NO;
				CLANG_ANALYZER_NONNULL = YES;
				CLANG_ANALYZER_NUMBER_OBJECT_CONVERSION = YES_AGGRESSIVE;
				CLANG_CXX_LANGUAGE_STANDARD = "gnu++14";
				CLANG_CXX_LIBRARY = "libc++";
				CLANG_ENABLE_MODULES = YES;
				CLANG_ENABLE_OBJC_ARC = YES;
				CLANG_ENABLE_OBJC_WEAK = YES;
				CLANG_WARN_BLOCK_CAPTURE_AUTORELEASING = YES;
				CLANG_WARN_BOOL_CONVERSION = YES;
				CLANG_WARN_COMMA = YES;
				CLANG_WARN_CONSTANT_CONVERSION = YES;
				CLANG_WARN_DEPRECATED_OBJC_IMPLEMENTATIONS = YES;
				CLANG_WARN_DIRECT_OBJC_ISA_USAGE = YES_ERROR;
				CLANG_WARN_DOCUMENTATION_COMMENTS = YES;
				CLANG_WARN_EMPTY_BODY = YES;
				CLANG_WARN_ENUM_CONVERSION = YES;
				CLANG_WARN_INFINITE_RECURSION = YES;
				CLANG_WARN_INT_CONVERSION = YES;
				CLANG_WARN_NON_LITERAL_NULL_CONVERSION = YES;
				CLANG_WARN_OBJC_IMPLICIT_RETAIN_SELF = YES;
				CLANG_WARN_OBJC_LITERAL_CONVERSION = YES;
				CLANG_WARN_OBJC_ROOT_CLASS = YES_ERROR;
				CLANG_WARN_QUOTED_INCLUDE_IN_FRAMEWORK_HEADER = YES;
				CLANG_WARN_RANGE_LOOP_ANALYSIS = YES;
				CLANG_WARN_STRICT_PROTOTYPES = YES;
				CLANG_WARN_SUSPICIOUS_MOVE = YES;
				CLANG_WARN_UNGUARDED_AVAILABILITY = YES_AGGRESSIVE;
				CLANG_WARN_UNREACHABLE_CODE = YES;
				CLANG_WARN__DUPLICATE_METHOD_MATCH = YES;
				COPY_PHASE_STRIP = NO;
				DEBUG_INFORMATION_FORMAT = dwarf;
				ENABLE_STRICT_OBJC_MSGSEND = YES;
				ENABLE_TESTABILITY = YES;
				GCC_C_LANGUAGE_STANDARD = gnu11;
				GCC_DYNAMIC_NO_PIC = NO;
				GCC_NO_COMMON_BLOCKS = YES;
				GCC_OPTIMIZATION_LEVEL = 0;
				GCC_PREPROCESSOR_DEFINITIONS = (
					"DEBUG=1",
					"$(inherited)",
				);
				GCC_WARN_64_TO_32_BIT_CONVERSION = YES;
				GCC_WARN_ABOUT_RETURN_TYPE = YES_ERROR;
				GCC_WARN_UNDECLARED_SELECTOR = YES;
				GCC_WARN_UNINITIALIZED_AUTOS = YES_AGGRESSIVE;
				GCC_WARN_UNUSED_FUNCTION = YES;
				GCC_WARN_UNUSED_VARIABLE = YES;
				IPHONEOS_DEPLOYMENT_TARGET = 11.0;
				MTL_ENABLE_DEBUG_INFO = INCLUDE_SOURCE;
				MTL_FAST_MATH = YES;
				ONLY_ACTIVE_ARCH = YES;
				SDKROOT = iphoneos;
				SWIFT_ACTIVE_COMPILATION_CONDITIONS = DEBUG;
				SWIFT_OPTIMIZATION_LEVEL = "-Onone";
			};
			name = Debug;
		};
		015967172578446400E48423 /* Release */ = {
			isa = XCBuildConfiguration;
			buildSettings = {
				ALWAYS_SEARCH_USER_PATHS = NO;
				CLANG_ANALYZER_NONNULL = YES;
				CLANG_ANALYZER_NUMBER_OBJECT_CONVERSION = YES_AGGRESSIVE;
				CLANG_CXX_LANGUAGE_STANDARD = "gnu++14";
				CLANG_CXX_LIBRARY = "libc++";
				CLANG_ENABLE_MODULES = YES;
				CLANG_ENABLE_OBJC_ARC = YES;
				CLANG_ENABLE_OBJC_WEAK = YES;
				CLANG_WARN_BLOCK_CAPTURE_AUTORELEASING = YES;
				CLANG_WARN_BOOL_CONVERSION = YES;
				CLANG_WARN_COMMA = YES;
				CLANG_WARN_CONSTANT_CONVERSION = YES;
				CLANG_WARN_DEPRECATED_OBJC_IMPLEMENTATIONS = YES;
				CLANG_WARN_DIRECT_OBJC_ISA_USAGE = YES_ERROR;
				CLANG_WARN_DOCUMENTATION_COMMENTS = YES;
				CLANG_WARN_EMPTY_BODY = YES;
				CLANG_WARN_ENUM_CONVERSION = YES;
				CLANG_WARN_INFINITE_RECURSION = YES;
				CLANG_WARN_INT_CONVERSION = YES;
				CLANG_WARN_NON_LITERAL_NULL_CONVERSION = YES;
				CLANG_WARN_OBJC_IMPLICIT_RETAIN_SELF = YES;
				CLANG_WARN_OBJC_LITERAL_CONVERSION = YES;
				CLANG_WARN_OBJC_ROOT_CLASS = YES_ERROR;
				CLANG_WARN_QUOTED_INCLUDE_IN_FRAMEWORK_HEADER = YES;
				CLANG_WARN_RANGE_LOOP_ANALYSIS = YES;
				CLANG_WARN_STRICT_PROTOTYPES = YES;
				CLANG_WARN_SUSPICIOUS_MOVE = YES;
				CLANG_WARN_UNGUARDED_AVAILABILITY = YES_AGGRESSIVE;
				CLANG_WARN_UNREACHABLE_CODE = YES;
				CLANG_WARN__DUPLICATE_METHOD_MATCH = YES;
				COPY_PHASE_STRIP = NO;
				DEBUG_INFORMATION_FORMAT = "dwarf-with-dsym";
				ENABLE_NS_ASSERTIONS = NO;
				ENABLE_STRICT_OBJC_MSGSEND = YES;
				GCC_C_LANGUAGE_STANDARD = gnu11;
				GCC_NO_COMMON_BLOCKS = YES;
				GCC_WARN_64_TO_32_BIT_CONVERSION = YES;
				GCC_WARN_ABOUT_RETURN_TYPE = YES_ERROR;
				GCC_WARN_UNDECLARED_SELECTOR = YES;
				GCC_WARN_UNINITIALIZED_AUTOS = YES_AGGRESSIVE;
				GCC_WARN_UNUSED_FUNCTION = YES;
				GCC_WARN_UNUSED_VARIABLE = YES;
				IPHONEOS_DEPLOYMENT_TARGET = 11.0;
				MTL_ENABLE_DEBUG_INFO = NO;
				MTL_FAST_MATH = YES;
				SDKROOT = iphoneos;
				SWIFT_COMPILATION_MODE = wholemodule;
				SWIFT_OPTIMIZATION_LEVEL = "-O";
				VALIDATE_PRODUCT = YES;
			};
			name = Release;
		};
		015967192578446400E48423 /* Debug */ = {
			isa = XCBuildConfiguration;
			buildSettings = {
				ASSETCATALOG_COMPILER_APPICON_NAME = AppIcon;
				ASSETCATALOG_COMPILER_GLOBAL_ACCENT_COLOR_NAME = AccentColor;
				CODE_SIGN_STYLE = Automatic;
				DEVELOPMENT_TEAM = 9LM7X7ZKCF;
				INFOPLIST_FILE = WhatTheFoxSay/Info.plist;
				LD_RUNPATH_SEARCH_PATHS = (
					"$(inherited)",
					"@executable_path/Frameworks",
				);
				PRODUCT_BUNDLE_IDENTIFIER = ua.kpi.comsys.iv7226.WhatTheFoxSay;
				PRODUCT_NAME = "$(TARGET_NAME)";
				SWIFT_VERSION = 5.0;
				TARGETED_DEVICE_FAMILY = 1;
			};
			name = Debug;
		};
		0159671A2578446400E48423 /* Release */ = {
			isa = XCBuildConfiguration;
			buildSettings = {
				ASSETCATALOG_COMPILER_APPICON_NAME = AppIcon;
				ASSETCATALOG_COMPILER_GLOBAL_ACCENT_COLOR_NAME = AccentColor;
				CODE_SIGN_STYLE = Automatic;
				DEVELOPMENT_TEAM = 9LM7X7ZKCF;
				INFOPLIST_FILE = WhatTheFoxSay/Info.plist;
				LD_RUNPATH_SEARCH_PATHS = (
					"$(inherited)",
					"@executable_path/Frameworks",
				);
				PRODUCT_BUNDLE_IDENTIFIER = ua.kpi.comsys.iv7226.WhatTheFoxSay;
				PRODUCT_NAME = "$(TARGET_NAME)";
				SWIFT_VERSION = 5.0;
				TARGETED_DEVICE_FAMILY = 1;
			};
			name = Release;
		};
/* End XCBuildConfiguration section */

/* Begin XCConfigurationList section */
		015966FF2578445900E48423 /* Build configuration list for PBXProject "WhatTheFoxSay" */ = {
			isa = XCConfigurationList;
			buildConfigurations = (
				015967162578446400E48423 /* Debug */,
				015967172578446400E48423 /* Release */,
			);
			defaultConfigurationIsVisible = 0;
			defaultConfigurationName = Release;
		};
		015967182578446400E48423 /* Build configuration list for PBXNativeTarget "WhatTheFoxSay" */ = {
			isa = XCConfigurationList;
			buildConfigurations = (
				015967192578446400E48423 /* Debug */,
				0159671A2578446400E48423 /* Release */,
			);
			defaultConfigurationIsVisible = 0;
			defaultConfigurationName = Release;
		};
/* End XCConfigurationList section */
	};
	rootObject = 015966FC2578445900E48423 /* Project object */;
}
